
Microsoft Visual Studio Solution File, Format Version 12.00
# Visual Studio 15
VisualStudioVersion = 15.0.27428.2002
MinimumVisualStudioVersion = 10.0.40219.1
Project("{FAE04EC0-301F-11D3-BF4B-00C04F79EFBC}") = "ShootingGallery", "ShootingGallery\ShootingGallery.csproj", "{37480214-B9C0-4C7A-9C6C-B28489B58D43}"
EndProject
Global
	GlobalSection(SolutionConfigurationPlatforms) = preSolution
		Debug|x86 = Debug|x86
		Release|x86 = Release|x86
	EndGlobalSection
	GlobalSection(ProjectConfigurationPlatforms) = postSolution
		{37480214-B9C0-4C7A-9C6C-B28489B58D43}.Debug|x86.ActiveCfg = Debug|x86
		{37480214-B9C0-4C7A-9C6C-B28489B58D43}.Debug|x86.Build.0 = Debug|x86
		{37480214-B9C0-4C7A-9C6C-B28489B58D43}.Release|x86.ActiveCfg = Release|x86
		{37480214-B9C0-4C7A-9C6C-B28489B58D43}.Release|x86.Build.0 = Release|x86
	EndGlobalSection
	GlobalSection(SolutionProperties) = preSolution
		HideSolutionNode = FALSE
	EndGlobalSection
	GlobalSection(ExtensibilityGlobals) = postSolution
		SolutionGuid = {45C70913-739C-4E12-BC5D-C54AC99865CE}
	EndGlobalSection
EndGlobal
